
Microsoft Visual Studio Solution File, Format Version 12.00
# Visual Studio Version 16
VisualStudioVersion = 16.0.30717.126
MinimumVisualStudioVersion = 10.0.40219.1
Project("{FAE04EC0-301F-11D3-BF4B-00C04F79EFBC}") = "CoreDepartmentApp", "CoreDepartmentApp\CoreDepartmentApp.csproj", "{56782512-DAE6-432D-99FD-60AEDBD53B6C}"
EndProject
Global
	GlobalSection(SolutionConfigurationPlatforms) = preSolution
		Debug|Any CPU = Debug|Any CPU
		Release|Any CPU = Release|Any CPU
	EndGlobalSection
	GlobalSection(ProjectConfigurationPlatforms) = postSolution
		{56782512-DAE6-432D-99FD-60AEDBD53B6C}.Debug|Any CPU.ActiveCfg = Debug|Any CPU
		{56782512-DAE6-432D-99FD-60AEDBD53B6C}.Debug|Any CPU.Build.0 = Debug|Any CPU
		{56782512-DAE6-432D-99FD-60AEDBD53B6C}.Release|Any CPU.ActiveCfg = Release|Any CPU
		{56782512-DAE6-432D-99FD-60AEDBD53B6C}.Release|Any CPU.Build.0 = Release|Any CPU
	EndGlobalSection
	GlobalSection(SolutionProperties) = preSolution
		HideSolutionNode = FALSE
	EndGlobalSection
	GlobalSection(ExtensibilityGlobals) = postSolution
		SolutionGuid = {14836FE5-4A04-49F2-8DFB-46EBE54D6390}
	EndGlobalSection
EndGlobal
